
Microsoft Visual Studio Solution File, Format Version 12.00
# Visual Studio Version 16
VisualStudioVersion = 16.0.31424.327
MinimumVisualStudioVersion = 10.0.40219.1
Project("{FAE04EC0-301F-11D3-BF4B-00C04F79EFBC}") = "password_generator", "password_generator\password_generator.csproj", "{D86BC853-9FCA-47FA-BFC2-4D85366A64E2}"
EndProject
Global
	GlobalSection(SolutionConfigurationPlatforms) = preSolution
		Debug|Any CPU = Debug|Any CPU
		Release|Any CPU = Release|Any CPU
	EndGlobalSection
	GlobalSection(ProjectConfigurationPlatforms) = postSolution
		{D86BC853-9FCA-47FA-BFC2-4D85366A64E2}.Debug|Any CPU.ActiveCfg = Debug|Any CPU
		{D86BC853-9FCA-47FA-BFC2-4D85366A64E2}.Debug|Any CPU.Build.0 = Debug|Any CPU
		{D86BC853-9FCA-47FA-BFC2-4D85366A64E2}.Release|Any CPU.ActiveCfg = Release|Any CPU
		{D86BC853-9FCA-47FA-BFC2-4D85366A64E2}.Release|Any CPU.Build.0 = Release|Any CPU
	EndGlobalSection
	GlobalSection(SolutionProperties) = preSolution
		HideSolutionNode = FALSE
	EndGlobalSection
	GlobalSection(ExtensibilityGlobals) = postSolution
		SolutionGuid = {B0482A12-456C-47AF-84D5-6E745D0FEBDD}
	EndGlobalSection
EndGlobal
